
Microsoft Visual Studio Solution File, Format Version 12.00
# Visual Studio Version 17
VisualStudioVersion = 17.7.34024.191
MinimumVisualStudioVersion = 10.0.40219.1
Project("{FAE04EC0-301F-11D3-BF4B-00C04F79EFBC}") = "Type Conversion Operators", "Type Conversion Operators\Type Conversion Operators.csproj", "{FFD588DE-2C1E-41E8-9B23-B4142EAFAB04}"
EndProject
Global
	GlobalSection(SolutionConfigurationPlatforms) = preSolution
		Debug|Any CPU = Debug|Any CPU
		Release|Any CPU = Release|Any CPU
	EndGlobalSection
	GlobalSection(ProjectConfigurationPlatforms) = postSolution
		{FFD588DE-2C1E-41E8-9B23-B4142EAFAB04}.Debug|Any CPU.ActiveCfg = Debug|Any CPU
		{FFD588DE-2C1E-41E8-9B23-B4142EAFAB04}.Debug|Any CPU.Build.0 = Debug|Any CPU
		{FFD588DE-2C1E-41E8-9B23-B4142EAFAB04}.Release|Any CPU.ActiveCfg = Release|Any CPU
		{FFD588DE-2C1E-41E8-9B23-B4142EAFAB04}.Release|Any CPU.Build.0 = Release|Any CPU
	EndGlobalSection
	GlobalSection(SolutionProperties) = preSolution
		HideSolutionNode = FALSE
	EndGlobalSection
	GlobalSection(ExtensibilityGlobals) = postSolution
		SolutionGuid = {A7E3929D-6E07-4C19-A045-CA26D71F32F2}
	EndGlobalSection
EndGlobal
